
Microsoft Visual Studio Solution File, Format Version 12.00
# Visual Studio Version 16
VisualStudioVersion = 16.0.29215.179
MinimumVisualStudioVersion = 10.0.40219.1
Project("{FAE04EC0-301F-11D3-BF4B-00C04F79EFBC}") = "GatoRobotoRandomizer", "GatoRobotoRandomizer\GatoRobotoRandomizer.csproj", "{A7969D6F-455D-4193-8B08-E2898107704C}"
EndProject
Project("{9A19103F-16F7-4668-BE54-9A1E7A4F7556}") = "ConsoleTests", "ConsoleApp1\ConsoleTests.csproj", "{ED79A654-6001-4B7A-98CD-12050946709D}"
EndProject
Global
	GlobalSection(SolutionConfigurationPlatforms) = preSolution
		Debug|Any CPU = Debug|Any CPU
		Release|Any CPU = Release|Any CPU
	EndGlobalSection
	GlobalSection(ProjectConfigurationPlatforms) = postSolution
		{A7969D6F-455D-4193-8B08-E2898107704C}.Debug|Any CPU.ActiveCfg = Debug|Any CPU
		{A7969D6F-455D-4193-8B08-E2898107704C}.Debug|Any CPU.Build.0 = Debug|Any CPU
		{A7969D6F-455D-4193-8B08-E2898107704C}.Release|Any CPU.ActiveCfg = Release|Any CPU
		{A7969D6F-455D-4193-8B08-E2898107704C}.Release|Any CPU.Build.0 = Release|Any CPU
		{ED79A654-6001-4B7A-98CD-12050946709D}.Debug|Any CPU.ActiveCfg = Debug|Any CPU
		{ED79A654-6001-4B7A-98CD-12050946709D}.Debug|Any CPU.Build.0 = Debug|Any CPU
		{ED79A654-6001-4B7A-98CD-12050946709D}.Release|Any CPU.ActiveCfg = Release|Any CPU
		{ED79A654-6001-4B7A-98CD-12050946709D}.Release|Any CPU.Build.0 = Release|Any CPU
	EndGlobalSection
	GlobalSection(SolutionProperties) = preSolution
		HideSolutionNode = FALSE
	EndGlobalSection
	GlobalSection(ExtensibilityGlobals) = postSolution
		SolutionGuid = {87ADAB80-7B0B-4C82-923D-FAA8F0AE49C0}
	EndGlobalSection
EndGlobal
